
Microsoft Visual Studio Solution File, Format Version 12.00
# Visual Studio Version 16
VisualStudioVersion = 16.0.30128.74
MinimumVisualStudioVersion = 10.0.40219.1
Project("{FAE04EC0-301F-11D3-BF4B-00C04F79EFBC}") = "ConsolePluginsFrame", "ConsolePluginsFrame\ConsolePluginsFrame.csproj", "{CE610EC8-624A-462A-BBA2-7ED3ACB3CED1}"
EndProject
Project("{FAE04EC0-301F-11D3-BF4B-00C04F79EFBC}") = "ConsolePluginsFrame.Core", "ConsolePluginsFrame.Core\ConsolePluginsFrame.Core.csproj", "{C6448C72-3650-497D-9343-603AF25D4A23}"
EndProject
Project("{FAE04EC0-301F-11D3-BF4B-00C04F79EFBC}") = "DemoPlugins", "DemoPlugins\DemoPlugins.csproj", "{34C422CA-6338-47A7-89AD-E01DF213CCD6}"
EndProject
Global
	GlobalSection(SolutionConfigurationPlatforms) = preSolution
		Debug|Any CPU = Debug|Any CPU
		Release|Any CPU = Release|Any CPU
	EndGlobalSection
	GlobalSection(ProjectConfigurationPlatforms) = postSolution
		{CE610EC8-624A-462A-BBA2-7ED3ACB3CED1}.Debug|Any CPU.ActiveCfg = Debug|Any CPU
		{CE610EC8-624A-462A-BBA2-7ED3ACB3CED1}.Debug|Any CPU.Build.0 = Debug|Any CPU
		{CE610EC8-624A-462A-BBA2-7ED3ACB3CED1}.Release|Any CPU.ActiveCfg = Release|Any CPU
		{CE610EC8-624A-462A-BBA2-7ED3ACB3CED1}.Release|Any CPU.Build.0 = Release|Any CPU
		{C6448C72-3650-497D-9343-603AF25D4A23}.Debug|Any CPU.ActiveCfg = Debug|Any CPU
		{C6448C72-3650-497D-9343-603AF25D4A23}.Debug|Any CPU.Build.0 = Debug|Any CPU
		{C6448C72-3650-497D-9343-603AF25D4A23}.Release|Any CPU.ActiveCfg = Release|Any CPU
		{C6448C72-3650-497D-9343-603AF25D4A23}.Release|Any CPU.Build.0 = Release|Any CPU
		{34C422CA-6338-47A7-89AD-E01DF213CCD6}.Debug|Any CPU.ActiveCfg = Debug|Any CPU
		{34C422CA-6338-47A7-89AD-E01DF213CCD6}.Debug|Any CPU.Build.0 = Debug|Any CPU
		{34C422CA-6338-47A7-89AD-E01DF213CCD6}.Release|Any CPU.ActiveCfg = Release|Any CPU
		{34C422CA-6338-47A7-89AD-E01DF213CCD6}.Release|Any CPU.Build.0 = Release|Any CPU
	EndGlobalSection
	GlobalSection(SolutionProperties) = preSolution
		HideSolutionNode = FALSE
	EndGlobalSection
	GlobalSection(ExtensibilityGlobals) = postSolution
		SolutionGuid = {489D63F6-232E-4A11-949E-7982C14C8C72}
	EndGlobalSection
EndGlobal
